
Microsoft Visual Studio Solution File, Format Version 12.00
# Visual Studio Version 17
VisualStudioVersion = 17.5.33627.172
MinimumVisualStudioVersion = 10.0.40219.1
Project("{FAE04EC0-301F-11D3-BF4B-00C04F79EFBC}") = "techtrekAPI", "techtrekAPI\techtrekAPI.csproj", "{965E962B-0235-4EF0-8475-713B12B1D2C6}"
EndProject
Global
	GlobalSection(SolutionConfigurationPlatforms) = preSolution
		Debug|Any CPU = Debug|Any CPU
		Release|Any CPU = Release|Any CPU
	EndGlobalSection
	GlobalSection(ProjectConfigurationPlatforms) = postSolution
		{965E962B-0235-4EF0-8475-713B12B1D2C6}.Debug|Any CPU.ActiveCfg = Debug|Any CPU
		{965E962B-0235-4EF0-8475-713B12B1D2C6}.Debug|Any CPU.Build.0 = Debug|Any CPU
		{965E962B-0235-4EF0-8475-713B12B1D2C6}.Release|Any CPU.ActiveCfg = Release|Any CPU
		{965E962B-0235-4EF0-8475-713B12B1D2C6}.Release|Any CPU.Build.0 = Release|Any CPU
	EndGlobalSection
	GlobalSection(SolutionProperties) = preSolution
		HideSolutionNode = FALSE
	EndGlobalSection
	GlobalSection(ExtensibilityGlobals) = postSolution
		SolutionGuid = {AE98AF62-F506-4AEF-B76F-6006B205D1E9}
	EndGlobalSection
EndGlobal
